
Microsoft Visual Studio Solution File, Format Version 12.00
# Visual Studio Version 16
VisualStudioVersion = 16.0.30413.136
MinimumVisualStudioVersion = 10.0.40219.1
Project("{FAE04EC0-301F-11D3-BF4B-00C04F79EFBC}") = "PartyBuddiesApp.Android", "PartyBuddiesApp\PartyBuddiesApp.Android\PartyBuddiesApp.Android.csproj", "{D6EB616C-40BE-4831-9338-407DAE69D10B}"
EndProject
Project("{FAE04EC0-301F-11D3-BF4B-00C04F79EFBC}") = "PartyBuddiesApp.iOS", "PartyBuddiesApp\PartyBuddiesApp.iOS\PartyBuddiesApp.iOS.csproj", "{8797C90E-C743-475E-91A8-337967D286B2}"
EndProject
Project("{9A19103F-16F7-4668-BE54-9A1E7A4F7556}") = "PartyBuddiesApp", "PartyBuddiesApp\PartyBuddiesApp\PartyBuddiesApp.csproj", "{F4BDDF8A-61B7-4A2F-B469-4672F93F44BB}"
EndProject
Project("{9A19103F-16F7-4668-BE54-9A1E7A4F7556}") = "PartyBuddiesAppDA", "PartyBuddiesAppDA\PartyBuddiesAppDA.csproj", "{B211007E-A89C-4A0B-968D-756F4A670DA8}"
EndProject
Global
	GlobalSection(SolutionConfigurationPlatforms) = preSolution
		Debug|Any CPU = Debug|Any CPU
		Debug|iPhone = Debug|iPhone
		Debug|iPhoneSimulator = Debug|iPhoneSimulator
		Release|Any CPU = Release|Any CPU
		Release|iPhone = Release|iPhone
		Release|iPhoneSimulator = Release|iPhoneSimulator
	EndGlobalSection
	GlobalSection(ProjectConfigurationPlatforms) = postSolution
		{D6EB616C-40BE-4831-9338-407DAE69D10B}.Debug|Any CPU.ActiveCfg = Debug|Any CPU
		{D6EB616C-40BE-4831-9338-407DAE69D10B}.Debug|Any CPU.Build.0 = Debug|Any CPU
		{D6EB616C-40BE-4831-9338-407DAE69D10B}.Debug|Any CPU.Deploy.0 = Debug|Any CPU
		{D6EB616C-40BE-4831-9338-407DAE69D10B}.Debug|iPhone.ActiveCfg = Debug|Any CPU
		{D6EB616C-40BE-4831-9338-407DAE69D10B}.Debug|iPhone.Build.0 = Debug|Any CPU
		{D6EB616C-40BE-4831-9338-407DAE69D10B}.Debug|iPhone.Deploy.0 = Debug|Any CPU
		{D6EB616C-40BE-4831-9338-407DAE69D10B}.Debug|iPhoneSimulator.ActiveCfg = Debug|Any CPU
		{D6EB616C-40BE-4831-9338-407DAE69D10B}.Debug|iPhoneSimulator.Build.0 = Debug|Any CPU
		{D6EB616C-40BE-4831-9338-407DAE69D10B}.Debug|iPhoneSimulator.Deploy.0 = Debug|Any CPU
		{D6EB616C-40BE-4831-9338-407DAE69D10B}.Release|Any CPU.ActiveCfg = Release|Any CPU
		{D6EB616C-40BE-4831-9338-407DAE69D10B}.Release|Any CPU.Build.0 = Release|Any CPU
		{D6EB616C-40BE-4831-9338-407DAE69D10B}.Release|Any CPU.Deploy.0 = Release|Any CPU
		{D6EB616C-40BE-4831-9338-407DAE69D10B}.Release|iPhone.ActiveCfg = Release|Any CPU
		{D6EB616C-40BE-4831-9338-407DAE69D10B}.Release|iPhone.Build.0 = Release|Any CPU
		{D6EB616C-40BE-4831-9338-407DAE69D10B}.Release|iPhone.Deploy.0 = Release|Any CPU
		{D6EB616C-40BE-4831-9338-407DAE69D10B}.Release|iPhoneSimulator.ActiveCfg = Release|Any CPU
		{D6EB616C-40BE-4831-9338-407DAE69D10B}.Release|iPhoneSimulator.Build.0 = Release|Any CPU
		{D6EB616C-40BE-4831-9338-407DAE69D10B}.Release|iPhoneSimulator.Deploy.0 = Release|Any CPU
		{8797C90E-C743-475E-91A8-337967D286B2}.Debug|Any CPU.ActiveCfg = Debug|iPhone
		{8797C90E-C743-475E-91A8-337967D286B2}.Debug|Any CPU.Build.0 = Debug|iPhone
		{8797C90E-C743-475E-91A8-337967D286B2}.Debug|Any CPU.Deploy.0 = Debug|iPhone
		{8797C90E-C743-475E-91A8-337967D286B2}.Debug|iPhone.ActiveCfg = Debug|iPhone
		{8797C90E-C743-475E-91A8-337967D286B2}.Debug|iPhone.Build.0 = Debug|iPhone
		{8797C90E-C743-475E-91A8-337967D286B2}.Debug|iPhone.Deploy.0 = Debug|iPhone
		{8797C90E-C743-475E-91A8-337967D286B2}.Debug|iPhoneSimulator.ActiveCfg = Debug|iPhoneSimulator
		{8797C90E-C743-475E-91A8-337967D286B2}.Debug|iPhoneSimulator.Build.0 = Debug|iPhoneSimulator
		{8797C90E-C743-475E-91A8-337967D286B2}.Debug|iPhoneSimulator.Deploy.0 = Debug|iPhoneSimulator
		{8797C90E-C743-475E-91A8-337967D286B2}.Release|Any CPU.ActiveCfg = Release|iPhone
		{8797C90E-C743-475E-91A8-337967D286B2}.Release|Any CPU.Build.0 = Release|iPhone
		{8797C90E-C743-475E-91A8-337967D286B2}.Release|Any CPU.Deploy.0 = Release|iPhone
		{8797C90E-C743-475E-91A8-337967D286B2}.Release|iPhone.ActiveCfg = Release|iPhone
		{8797C90E-C743-475E-91A8-337967D286B2}.Release|iPhone.Build.0 = Release|iPhone
		{8797C90E-C743-475E-91A8-337967D286B2}.Release|iPhone.Deploy.0 = Release|iPhone
		{8797C90E-C743-475E-91A8-337967D286B2}.Release|iPhoneSimulator.ActiveCfg = Release|iPhoneSimulator
		{8797C90E-C743-475E-91A8-337967D286B2}.Release|iPhoneSimulator.Build.0 = Release|iPhoneSimulator
		{8797C90E-C743-475E-91A8-337967D286B2}.Release|iPhoneSimulator.Deploy.0 = Release|iPhoneSimulator
		{F4BDDF8A-61B7-4A2F-B469-4672F93F44BB}.Debug|Any CPU.ActiveCfg = Debug|Any CPU
		{F4BDDF8A-61B7-4A2F-B469-4672F93F44BB}.Debug|Any CPU.Build.0 = Debug|Any CPU
		{F4BDDF8A-61B7-4A2F-B469-4672F93F44BB}.Debug|Any CPU.Deploy.0 = Debug|Any CPU
		{F4BDDF8A-61B7-4A2F-B469-4672F93F44BB}.Debug|iPhone.ActiveCfg = Debug|Any CPU
		{F4BDDF8A-61B7-4A2F-B469-4672F93F44BB}.Debug|iPhone.Build.0 = Debug|Any CPU
		{F4BDDF8A-61B7-4A2F-B469-4672F93F44BB}.Debug|iPhone.Deploy.0 = Debug|Any CPU
		{F4BDDF8A-61B7-4A2F-B469-4672F93F44BB}.Debug|iPhoneSimulator.ActiveCfg = Debug|Any CPU
		{F4BDDF8A-61B7-4A2F-B469-4672F93F44BB}.Debug|iPhoneSimulator.Build.0 = Debug|Any CPU
		{F4BDDF8A-61B7-4A2F-B469-4672F93F44BB}.Debug|iPhoneSimulator.Deploy.0 = Debug|Any CPU
		{F4BDDF8A-61B7-4A2F-B469-4672F93F44BB}.Release|Any CPU.ActiveCfg = Release|Any CPU
		{F4BDDF8A-61B7-4A2F-B469-4672F93F44BB}.Release|Any CPU.Build.0 = Release|Any CPU
		{F4BDDF8A-61B7-4A2F-B469-4672F93F44BB}.Release|Any CPU.Deploy.0 = Release|Any CPU
		{F4BDDF8A-61B7-4A2F-B469-4672F93F44BB}.Release|iPhone.ActiveCfg = Release|Any CPU
		{F4BDDF8A-61B7-4A2F-B469-4672F93F44BB}.Release|iPhone.Build.0 = Release|Any CPU
		{F4BDDF8A-61B7-4A2F-B469-4672F93F44BB}.Release|iPhone.Deploy.0 = Release|Any CPU
		{F4BDDF8A-61B7-4A2F-B469-4672F93F44BB}.Release|iPhoneSimulator.ActiveCfg = Release|Any CPU
		{F4BDDF8A-61B7-4A2F-B469-4672F93F44BB}.Release|iPhoneSimulator.Build.0 = Release|Any CPU
		{F4BDDF8A-61B7-4A2F-B469-4672F93F44BB}.Release|iPhoneSimulator.Deploy.0 = Release|Any CPU
		{B211007E-A89C-4A0B-968D-756F4A670DA8}.Debug|Any CPU.ActiveCfg = Debug|Any CPU
		{B211007E-A89C-4A0B-968D-756F4A670DA8}.Debug|Any CPU.Build.0 = Debug|Any CPU
		{B211007E-A89C-4A0B-968D-756F4A670DA8}.Debug|iPhone.ActiveCfg = Debug|Any CPU
		{B211007E-A89C-4A0B-968D-756F4A670DA8}.Debug|iPhone.Build.0 = Debug|Any CPU
		{B211007E-A89C-4A0B-968D-756F4A670DA8}.Debug|iPhoneSimulator.ActiveCfg = Debug|Any CPU
		{B211007E-A89C-4A0B-968D-756F4A670DA8}.Debug|iPhoneSimulator.Build.0 = Debug|Any CPU
		{B211007E-A89C-4A0B-968D-756F4A670DA8}.Release|Any CPU.ActiveCfg = Release|Any CPU
		{B211007E-A89C-4A0B-968D-756F4A670DA8}.Release|Any CPU.Build.0 = Release|Any CPU
		{B211007E-A89C-4A0B-968D-756F4A670DA8}.Release|iPhone.ActiveCfg = Release|Any CPU
		{B211007E-A89C-4A0B-968D-756F4A670DA8}.Release|iPhone.Build.0 = Release|Any CPU
		{B211007E-A89C-4A0B-968D-756F4A670DA8}.Release|iPhoneSimulator.ActiveCfg = Release|Any CPU
		{B211007E-A89C-4A0B-968D-756F4A670DA8}.Release|iPhoneSimulator.Build.0 = Release|Any CPU
	EndGlobalSection
	GlobalSection(SolutionProperties) = preSolution
		HideSolutionNode = FALSE
	EndGlobalSection
	GlobalSection(ExtensibilityGlobals) = postSolution
		SolutionGuid = {4D03AAB7-B2DC-4529-95B5-5947FD7B981D}
	EndGlobalSection
EndGlobal
